
Microsoft Visual Studio Solution File, Format Version 12.00
# Visual Studio Version 16
VisualStudioVersion = 16.0.30711.63
MinimumVisualStudioVersion = 10.0.40219.1
Project("{2150E333-8FDC-42A3-9474-1A3956D46DE8}") = "src", "src", "{3498D766-610F-4524-8B3F-9C3231F2C9E8}"
EndProject
Project("{FAE04EC0-301F-11D3-BF4B-00C04F79EFBC}") = "ApiVersioningExample", "src\ApiVersioningExample\ApiVersioningExample.csproj", "{A96D856A-B4FC-4C6C-A64B-577D9F8BE6AE}"
EndProject
Global
	GlobalSection(SolutionConfigurationPlatforms) = preSolution
		Debug|Any CPU = Debug|Any CPU
		Release|Any CPU = Release|Any CPU
	EndGlobalSection
	GlobalSection(ProjectConfigurationPlatforms) = postSolution
		{A96D856A-B4FC-4C6C-A64B-577D9F8BE6AE}.Debug|Any CPU.ActiveCfg = Debug|Any CPU
		{A96D856A-B4FC-4C6C-A64B-577D9F8BE6AE}.Debug|Any CPU.Build.0 = Debug|Any CPU
		{A96D856A-B4FC-4C6C-A64B-577D9F8BE6AE}.Release|Any CPU.ActiveCfg = Release|Any CPU
		{A96D856A-B4FC-4C6C-A64B-577D9F8BE6AE}.Release|Any CPU.Build.0 = Release|Any CPU
	EndGlobalSection
	GlobalSection(SolutionProperties) = preSolution
		HideSolutionNode = FALSE
	EndGlobalSection
	GlobalSection(NestedProjects) = preSolution
		{A96D856A-B4FC-4C6C-A64B-577D9F8BE6AE} = {3498D766-610F-4524-8B3F-9C3231F2C9E8}
	EndGlobalSection
	GlobalSection(ExtensibilityGlobals) = postSolution
		SolutionGuid = {0F478246-8DBD-4D31-9C7C-3D84921AC904}
	EndGlobalSection
EndGlobal
